{
  "originHash" : "8748546de9d7760d374ee0d5018ebb42dd70558e864f08f3312ba4705c852106",
  "pins" : [
    {
      "identity" : "licensesplugin",
      "kind" : "remoteSourceControl",
      "location" : "https://github.com/maiyama18/LicensesPlugin",
      "state" : {
        "revision" : "b303f6b92427d6236e63bd75b559f095101817aa",
        "version" : "0.1.6"
      }
    },
    {
      "identity" : "playbook-ios",
      "kind" : "remoteSourceControl",
      "location" : "https://github.com/playbook-ui/playbook-ios.git",
      "state" : {
        "revision" : "0e7c312abdb4f7afeaf24369bab114cf475f573c",
        "version" : "0.3.5"
      }
    }
  ],
  "version" : 3
}
