// !$*UTF8*$!
{
	archiveVersion = 1;
	classes = {
	};
	objectVersion = 56;
	objects = {

/* Begin PBXBuildFile section */
		441DA6B22BA9E38B0035A2ED /* StagingLaunchPerformanceTests.swift in Sources */ = {isa = PBXBuildFile; fileRef = 441DA6B12BA9E38B0035A2ED /* StagingLaunchPerformanceTests.swift */; };
		4457B81B2BBBEC1D009174F5 /* AppVersion.xcconfig in Resources */ = {isa = PBXBuildFile; fileRef = 4457B8192BBBEC1D009174F5 /* AppVersion.xcconfig */; };
		446F59272BBE42FA0004F4E5 /* DeviceInfoInteractorTest.swift in Sources */ = {isa = PBXBuildFile; fileRef = 446F59112BBE34350004F4E5 /* DeviceInfoInteractorTest.swift */; };
		4471BCB62B81F08800218534 /* StagingApp.swift in Sources */ = {isa = PBXBuildFile; fileRef = 4471BCB52B81F08800218534 /* StagingApp.swift */; };
		4471BCBA2B81F08900218534 /* Assets.xcassets in Resources */ = {isa = PBXBuildFile; fileRef = 4471BCB92B81F08900218534 /* Assets.xcassets */; };
		4471BCBE2B81F08900218534 /* Preview Assets.xcassets in Resources */ = {isa = PBXBuildFile; fileRef = 4471BCBD2B81F08900218534 /* Preview Assets.xcassets */; };
		447577602B84D3EA00DC2FDB /* PresentationLayer in Frameworks */ = {isa = PBXBuildFile; productRef = 4475775F2B84D3EA00DC2FDB /* PresentationLayer */; };
		4483802F2B918A6E006A0BC7 /* GoogleService-Info.plist in Resources */ = {isa = PBXBuildFile; fileRef = 4483802E2B918A6E006A0BC7 /* GoogleService-Info.plist */; };
		44ABAB332B9B61240039ECF7 /* StagingUITests.swift in Sources */ = {isa = PBXBuildFile; fileRef = 44ABAB322B9B61240039ECF7 /* StagingUITests.swift */; };
		44CBBA592BB406F800FE692F /* InfoPlist.xcstrings in Resources */ = {isa = PBXBuildFile; fileRef = 44CBBA582BB406F800FE692F /* InfoPlist.xcstrings */; };
		44CBBA612BB480F500FE692F /* DependencyInjectionLayer in Frameworks */ = {isa = PBXBuildFile; productRef = 44CBBA602BB480F500FE692F /* DependencyInjectionLayer */; };
		44EC2DC92BB5273D00D3648C /* StagingFirstLaunchUITests.swift in Sources */ = {isa = PBXBuildFile; fileRef = 44EC2DC82BB5273D00D3648C /* StagingFirstLaunchUITests.swift */; };
		44EC2DCF2BB52A8100D3648C /* DomainLayer in Frameworks */ = {isa = PBXBuildFile; productRef = 44EC2DCE2BB52A8100D3648C /* DomainLayer */; };
/* End PBXBuildFile section */

/* Begin PBXContainerItemProxy section */
		446F59222BBE42EA0004F4E5 /* PBXContainerItemProxy */ = {
			isa = PBXContainerItemProxy;
			containerPortal = 4471BCAA2B81F08800218534 /* Project object */;
			proxyType = 1;
			remoteGlobalIDString = 4471BCB12B81F08800218534;
			remoteInfo = Staging;
		};
		44ABAB362B9B61240039ECF7 /* PBXContainerItemProxy */ = {
			isa = PBXContainerItemProxy;
			containerPortal = 4471BCAA2B81F08800218534 /* Project object */;
			proxyType = 1;
			remoteGlobalIDString = 4471BCB12B81F08800218534;
			remoteInfo = Staging;
		};
/* End PBXContainerItemProxy section */

/* Begin PBXFileReference section */
		441DA6B12BA9E38B0035A2ED /* StagingLaunchPerformanceTests.swift */ = {isa = PBXFileReference; lastKnownFileType = sourcecode.swift; path = StagingLaunchPerformanceTests.swift; sourceTree = "<group>"; };
		443C0FE22BB71E1800D07E37 /* Info.plist */ = {isa = PBXFileReference; lastKnownFileType = text.plist; path = Info.plist; sourceTree = "<group>"; };
		4457B8192BBBEC1D009174F5 /* AppVersion.xcconfig */ = {isa = PBXFileReference; fileEncoding = 4; lastKnownFileType = text.xcconfig; path = AppVersion.xcconfig; sourceTree = "<group>"; };
		446F59112BBE34350004F4E5 /* DeviceInfoInteractorTest.swift */ = {isa = PBXFileReference; lastKnownFileType = sourcecode.swift; path = DeviceInfoInteractorTest.swift; sourceTree = "<group>"; };
		446F591E2BBE42EA0004F4E5 /* StagingUnitTests.xctest */ = {isa = PBXFileReference; explicitFileType = wrapper.cfbundle; includeInIndex = 0; path = StagingUnitTests.xctest; sourceTree = BUILT_PRODUCTS_DIR; };
		4471BCB22B81F08800218534 /* Staging.app */ = {isa = PBXFileReference; explicitFileType = wrapper.application; includeInIndex = 0; path = Staging.app; sourceTree = BUILT_PRODUCTS_DIR; };
		4471BCB52B81F08800218534 /* StagingApp.swift */ = {isa = PBXFileReference; lastKnownFileType = sourcecode.swift; path = StagingApp.swift; sourceTree = "<group>"; };
		4471BCB92B81F08900218534 /* Assets.xcassets */ = {isa = PBXFileReference; lastKnownFileType = folder.assetcatalog; path = Assets.xcassets; sourceTree = "<group>"; };
		4471BCBB2B81F08900218534 /* Staging.entitlements */ = {isa = PBXFileReference; lastKnownFileType = text.plist.entitlements; path = Staging.entitlements; sourceTree = "<group>"; };
		4471BCBD2B81F08900218534 /* Preview Assets.xcassets */ = {isa = PBXFileReference; lastKnownFileType = folder.assetcatalog; path = "Preview Assets.xcassets"; sourceTree = "<group>"; };
		4483802E2B918A6E006A0BC7 /* GoogleService-Info.plist */ = {isa = PBXFileReference; fileEncoding = 4; lastKnownFileType = text.plist.xml; path = "GoogleService-Info.plist"; sourceTree = "<group>"; };
		44ABAB302B9B61240039ECF7 /* StagingUITests.xctest */ = {isa = PBXFileReference; explicitFileType = wrapper.cfbundle; includeInIndex = 0; path = StagingUITests.xctest; sourceTree = BUILT_PRODUCTS_DIR; };
		44ABAB322B9B61240039ECF7 /* StagingUITests.swift */ = {isa = PBXFileReference; lastKnownFileType = sourcecode.swift; path = StagingUITests.swift; sourceTree = "<group>"; };
		44CBBA582BB406F800FE692F /* InfoPlist.xcstrings */ = {isa = PBXFileReference; lastKnownFileType = text.json.xcstrings; path = InfoPlist.xcstrings; sourceTree = "<group>"; };
		44EC2DC82BB5273D00D3648C /* StagingFirstLaunchUITests.swift */ = {isa = PBXFileReference; lastKnownFileType = sourcecode.swift; path = StagingFirstLaunchUITests.swift; sourceTree = "<group>"; };
/* End PBXFileReference section */

/* Begin PBXFrameworksBuildPhase section */
		446F591B2BBE42EA0004F4E5 /* Frameworks */ = {
			isa = PBXFrameworksBuildPhase;
			buildActionMask = 2147483647;
			files = (
			);
			runOnlyForDeploymentPostprocessing = 0;
		};
		4471BCAF2B81F08800218534 /* Frameworks */ = {
			isa = PBXFrameworksBuildPhase;
			buildActionMask = 2147483647;
			files = (
				447577602B84D3EA00DC2FDB /* PresentationLayer in Frameworks */,
				44CBBA612BB480F500FE692F /* DependencyInjectionLayer in Frameworks */,
			);
			runOnlyForDeploymentPostprocessing = 0;
		};
		44ABAB2D2B9B61240039ECF7 /* Frameworks */ = {
			isa = PBXFrameworksBuildPhase;
			buildActionMask = 2147483647;
			files = (
				44EC2DCF2BB52A8100D3648C /* DomainLayer in Frameworks */,
			);
			runOnlyForDeploymentPostprocessing = 0;
		};
/* End PBXFrameworksBuildPhase section */

/* Begin PBXGroup section */
		4457B8122BBBEA16009174F5 /* References */ = {
			isa = PBXGroup;
			children = (
				4457B81A2BBBEC1D009174F5 /* Configs */,
			);
			name = References;
			sourceTree = "<group>";
		};
		4457B81A2BBBEC1D009174F5 /* Configs */ = {
			isa = PBXGroup;
			children = (
				4457B8192BBBEC1D009174F5 /* AppVersion.xcconfig */,
			);
			name = Configs;
			path = ../Configs;
			sourceTree = "<group>";
		};
		446F591F2BBE42EA0004F4E5 /* StagingUnitTests */ = {
			isa = PBXGroup;
			children = (
				446F59112BBE34350004F4E5 /* DeviceInfoInteractorTest.swift */,
			);
			path = StagingUnitTests;
			sourceTree = "<group>";
		};
		4471BCA92B81F08800218534 = {
			isa = PBXGroup;
			children = (
				4471BCB42B81F08800218534 /* Staging */,
				446F591F2BBE42EA0004F4E5 /* StagingUnitTests */,
				44ABAB312B9B61240039ECF7 /* StagingUITests */,
				4457B8122BBBEA16009174F5 /* References */,
				4471BCB32B81F08800218534 /* Products */,
				4471BCE02B81F0CD00218534 /* Frameworks */,
			);
			sourceTree = "<group>";
		};
		4471BCB32B81F08800218534 /* Products */ = {
			isa = PBXGroup;
			children = (
				4471BCB22B81F08800218534 /* Staging.app */,
				44ABAB302B9B61240039ECF7 /* StagingUITests.xctest */,
				446F591E2BBE42EA0004F4E5 /* StagingUnitTests.xctest */,
			);
			name = Products;
			sourceTree = "<group>";
		};
		4471BCB42B81F08800218534 /* Staging */ = {
			isa = PBXGroup;
			children = (
				4471BCB52B81F08800218534 /* StagingApp.swift */,
				4471BCBB2B81F08900218534 /* Staging.entitlements */,
				4483802E2B918A6E006A0BC7 /* GoogleService-Info.plist */,
				443C0FE22BB71E1800D07E37 /* Info.plist */,
				4471BCB92B81F08900218534 /* Assets.xcassets */,
				44CBBA582BB406F800FE692F /* InfoPlist.xcstrings */,
				4471BCBC2B81F08900218534 /* Preview Content */,
			);
			path = Staging;
			sourceTree = "<group>";
		};
		4471BCBC2B81F08900218534 /* Preview Content */ = {
			isa = PBXGroup;
			children = (
				4471BCBD2B81F08900218534 /* Preview Assets.xcassets */,
			);
			path = "Preview Content";
			sourceTree = "<group>";
		};
		4471BCE02B81F0CD00218534 /* Frameworks */ = {
			isa = PBXGroup;
			children = (
			);
			name = Frameworks;
			sourceTree = "<group>";
		};
		44ABAB312B9B61240039ECF7 /* StagingUITests */ = {
			isa = PBXGroup;
			children = (
				44EC2DC82BB5273D00D3648C /* StagingFirstLaunchUITests.swift */,
				441DA6B12BA9E38B0035A2ED /* StagingLaunchPerformanceTests.swift */,
				44ABAB322B9B61240039ECF7 /* StagingUITests.swift */,
			);
			path = StagingUITests;
			sourceTree = "<group>";
		};
/* End PBXGroup section */

/* Begin PBXNativeTarget section */
		446F591D2BBE42EA0004F4E5 /* StagingUnitTests */ = {
			isa = PBXNativeTarget;
			buildConfigurationList = 446F59242BBE42EA0004F4E5 /* Build configuration list for PBXNativeTarget "StagingUnitTests" */;
			buildPhases = (
				446F591A2BBE42EA0004F4E5 /* Sources */,
				446F591B2BBE42EA0004F4E5 /* Frameworks */,
				446F591C2BBE42EA0004F4E5 /* Resources */,
			);
			buildRules = (
			);
			dependencies = (
				446F59232BBE42EA0004F4E5 /* PBXTargetDependency */,
			);
			name = StagingUnitTests;
			productName = StagingUnitTests;
			productReference = 446F591E2BBE42EA0004F4E5 /* StagingUnitTests.xctest */;
			productType = "com.apple.product-type.bundle.unit-test";
		};
		4471BCB12B81F08800218534 /* Staging */ = {
			isa = PBXNativeTarget;
			buildConfigurationList = 4471BCD72B81F08900218534 /* Build configuration list for PBXNativeTarget "Staging" */;
			buildPhases = (
				4471BCAE2B81F08800218534 /* Sources */,
				4471BCAF2B81F08800218534 /* Frameworks */,
				4471BCB02B81F08800218534 /* Resources */,
				441DA6B52BABA5DB0035A2ED /* Upload dSYM Files To Firebase Crashlytics */,
			);
			buildRules = (
			);
			dependencies = (
			);
			name = Staging;
			packageProductDependencies = (
				4475775F2B84D3EA00DC2FDB /* PresentationLayer */,
				44CBBA602BB480F500FE692F /* DependencyInjectionLayer */,
			);
			productName = Staging;
			productReference = 4471BCB22B81F08800218534 /* Staging.app */;
			productType = "com.apple.product-type.application";
		};
		44ABAB2F2B9B61240039ECF7 /* StagingUITests */ = {
			isa = PBXNativeTarget;
			buildConfigurationList = 44ABAB3A2B9B61240039ECF7 /* Build configuration list for PBXNativeTarget "StagingUITests" */;
			buildPhases = (
				44ABAB2C2B9B61240039ECF7 /* Sources */,
				44ABAB2D2B9B61240039ECF7 /* Frameworks */,
				44ABAB2E2B9B61240039ECF7 /* Resources */,
			);
			buildRules = (
			);
			dependencies = (
				44ABAB372B9B61240039ECF7 /* PBXTargetDependency */,
			);
			name = StagingUITests;
			packageProductDependencies = (
				44EC2DCE2BB52A8100D3648C /* DomainLayer */,
			);
			productName = StagingUITests;
			productReference = 44ABAB302B9B61240039ECF7 /* StagingUITests.xctest */;
			productType = "com.apple.product-type.bundle.ui-testing";
		};
/* End PBXNativeTarget section */

/* Begin PBXProject section */
		4471BCAA2B81F08800218534 /* Project object */ = {
			isa = PBXProject;
			attributes = {
				BuildIndependentTargetsInParallel = 1;
				LastSwiftUpdateCheck = 1530;
				LastUpgradeCheck = 1530;
				TargetAttributes = {
					446F591D2BBE42EA0004F4E5 = {
						CreatedOnToolsVersion = 15.3;
						TestTargetID = 4471BCB12B81F08800218534;
					};
					4471BCB12B81F08800218534 = {
						CreatedOnToolsVersion = 15.3;
					};
					44ABAB2F2B9B61240039ECF7 = {
						CreatedOnToolsVersion = 15.3;
						TestTargetID = 4471BCB12B81F08800218534;
					};
				};
			};
			buildConfigurationList = 4471BCAD2B81F08800218534 /* Build configuration list for PBXProject "Staging" */;
			compatibilityVersion = "Xcode 14.0";
			developmentRegion = ja;
			hasScannedForEncodings = 0;
			knownRegions = (
				en,
				ja,
			);
			mainGroup = 4471BCA92B81F08800218534;
			productRefGroup = 4471BCB32B81F08800218534 /* Products */;
			projectDirPath = "";
			projectRoot = "";
			targets = (
				4471BCB12B81F08800218534 /* Staging */,
				446F591D2BBE42EA0004F4E5 /* StagingUnitTests */,
				44ABAB2F2B9B61240039ECF7 /* StagingUITests */,
			);
		};
/* End PBXProject section */

/* Begin PBXResourcesBuildPhase section */
		446F591C2BBE42EA0004F4E5 /* Resources */ = {
			isa = PBXResourcesBuildPhase;
			buildActionMask = 2147483647;
			files = (
			);
			runOnlyForDeploymentPostprocessing = 0;
		};
		4471BCB02B81F08800218534 /* Resources */ = {
			isa = PBXResourcesBuildPhase;
			buildActionMask = 2147483647;
			files = (
				4457B81B2BBBEC1D009174F5 /* AppVersion.xcconfig in Resources */,
				4471BCBE2B81F08900218534 /* Preview Assets.xcassets in Resources */,
				4471BCBA2B81F08900218534 /* Assets.xcassets in Resources */,
				44CBBA592BB406F800FE692F /* InfoPlist.xcstrings in Resources */,
				4483802F2B918A6E006A0BC7 /* GoogleService-Info.plist in Resources */,
			);
			runOnlyForDeploymentPostprocessing = 0;
		};
		44ABAB2E2B9B61240039ECF7 /* Resources */ = {
			isa = PBXResourcesBuildPhase;
			buildActionMask = 2147483647;
			files = (
			);
			runOnlyForDeploymentPostprocessing = 0;
		};
/* End PBXResourcesBuildPhase section */

/* Begin PBXShellScriptBuildPhase section */
		441DA6B52BABA5DB0035A2ED /* Upload dSYM Files To Firebase Crashlytics */ = {
			isa = PBXShellScriptBuildPhase;
			alwaysOutOfDate = 1;
			buildActionMask = 2147483647;
			files = (
			);
			inputFileListPaths = (
			);
			inputPaths = (
				"${DWARF_DSYM_FOLDER_PATH}/${DWARF_DSYM_FILE_NAME}",
				"${DWARF_DSYM_FOLDER_PATH}/${DWARF_DSYM_FILE_NAME}/Contents/Resources/DWARF/${PRODUCT_NAME}",
				"${DWARF_DSYM_FOLDER_PATH}/${DWARF_DSYM_FILE_NAME}/Contents/Info.plist",
				"$(TARGET_BUILD_DIR)/$(UNLOCALIZED_RESOURCES_FOLDER_PATH)/GoogleService-Info.plist",
				"$(TARGET_BUILD_DIR)/$(EXECUTABLE_PATH)",
			);
			name = "Upload dSYM Files To Firebase Crashlytics";
			outputFileListPaths = (
			);
			outputPaths = (
			);
			runOnlyForDeploymentPostprocessing = 0;
			shellPath = /bin/sh;
			shellScript = "\"${BUILD_DIR%/Build/*}/SourcePackages/checkouts/firebase-ios-sdk/Crashlytics/run\"\n";
		};
/* End PBXShellScriptBuildPhase section */

/* Begin PBXSourcesBuildPhase section */
		446F591A2BBE42EA0004F4E5 /* Sources */ = {
			isa = PBXSourcesBuildPhase;
			buildActionMask = 2147483647;
			files = (
				446F59272BBE42FA0004F4E5 /* DeviceInfoInteractorTest.swift in Sources */,
			);
			runOnlyForDeploymentPostprocessing = 0;
		};
		4471BCAE2B81F08800218534 /* Sources */ = {
			isa = PBXSourcesBuildPhase;
			buildActionMask = 2147483647;
			files = (
				4471BCB62B81F08800218534 /* StagingApp.swift in Sources */,
			);
			runOnlyForDeploymentPostprocessing = 0;
		};
		44ABAB2C2B9B61240039ECF7 /* Sources */ = {
			isa = PBXSourcesBuildPhase;
			buildActionMask = 2147483647;
			files = (
				44ABAB332B9B61240039ECF7 /* StagingUITests.swift in Sources */,
				44EC2DC92BB5273D00D3648C /* StagingFirstLaunchUITests.swift in Sources */,
				441DA6B22BA9E38B0035A2ED /* StagingLaunchPerformanceTests.swift in Sources */,
			);
			runOnlyForDeploymentPostprocessing = 0;
		};
/* End PBXSourcesBuildPhase section */

/* Begin PBXTargetDependency section */
		446F59232BBE42EA0004F4E5 /* PBXTargetDependency */ = {
			isa = PBXTargetDependency;
			target = 4471BCB12B81F08800218534 /* Staging */;
			targetProxy = 446F59222BBE42EA0004F4E5 /* PBXContainerItemProxy */;
		};
		44ABAB372B9B61240039ECF7 /* PBXTargetDependency */ = {
			isa = PBXTargetDependency;
			platformFilter = ios;
			target = 4471BCB12B81F08800218534 /* Staging */;
			targetProxy = 44ABAB362B9B61240039ECF7 /* PBXContainerItemProxy */;
		};
/* End PBXTargetDependency section */

/* Begin XCBuildConfiguration section */
		446F59252BBE42EA0004F4E5 /* Debug */ = {
			isa = XCBuildConfiguration;
			buildSettings = {
				BUNDLE_LOADER = "$(TEST_HOST)";
				CODE_SIGN_STYLE = Automatic;
				CURRENT_PROJECT_VERSION = 1;
				DEVELOPMENT_TEAM = Z374HA4GH7;
				GENERATE_INFOPLIST_FILE = YES;
				IPHONEOS_DEPLOYMENT_TARGET = 17.4;
				MARKETING_VERSION = 1.0;
				PRODUCT_BUNDLE_IDENTIFIER = "com.suguru-takahashi.DISample.StagingUnitTests";
				PRODUCT_NAME = "$(TARGET_NAME)";
				SDKROOT = iphoneos;
				SUPPORTED_PLATFORMS = "iphoneos iphonesimulator";
				SUPPORTS_MACCATALYST = NO;
				SUPPORTS_MAC_DESIGNED_FOR_IPHONE_IPAD = NO;
				SUPPORTS_XR_DESIGNED_FOR_IPHONE_IPAD = NO;
				SWIFT_EMIT_LOC_STRINGS = NO;
				SWIFT_VERSION = 5.0;
				TARGETED_DEVICE_FAMILY = "1,2";
				TEST_HOST = "$(BUILT_PRODUCTS_DIR)/Staging.app/$(BUNDLE_EXECUTABLE_FOLDER_PATH)/Staging";
			};
			name = Debug;
		};
		446F59262BBE42EA0004F4E5 /* Release */ = {
			isa = XCBuildConfiguration;
			buildSettings = {
				BUNDLE_LOADER = "$(TEST_HOST)";
				CODE_SIGN_STYLE = Automatic;
				CURRENT_PROJECT_VERSION = 1;
				DEVELOPMENT_TEAM = Z374HA4GH7;
				GENERATE_INFOPLIST_FILE = YES;
				IPHONEOS_DEPLOYMENT_TARGET = 17.4;
				MARKETING_VERSION = 1.0;
				PRODUCT_BUNDLE_IDENTIFIER = "com.suguru-takahashi.DISample.StagingUnitTests";
				PRODUCT_NAME = "$(TARGET_NAME)";
				SDKROOT = iphoneos;
				SUPPORTED_PLATFORMS = "iphoneos iphonesimulator";
				SUPPORTS_MACCATALYST = NO;
				SUPPORTS_MAC_DESIGNED_FOR_IPHONE_IPAD = NO;
				SUPPORTS_XR_DESIGNED_FOR_IPHONE_IPAD = NO;
				SWIFT_EMIT_LOC_STRINGS = NO;
				SWIFT_VERSION = 5.0;
				TARGETED_DEVICE_FAMILY = "1,2";
				TEST_HOST = "$(BUILT_PRODUCTS_DIR)/Staging.app/$(BUNDLE_EXECUTABLE_FOLDER_PATH)/Staging";
				VALIDATE_PRODUCT = YES;
			};
			name = Release;
		};
		4471BCD52B81F08900218534 /* Debug */ = {
			isa = XCBuildConfiguration;
			baseConfigurationReference = 4457B8192BBBEC1D009174F5 /* AppVersion.xcconfig */;
			buildSettings = {
				ALWAYS_SEARCH_USER_PATHS = NO;
				ASSETCATALOG_COMPILER_GENERATE_SWIFT_ASSET_SYMBOL_EXTENSIONS = YES;
				CLANG_ANALYZER_NONNULL = YES;
				CLANG_ANALYZER_NUMBER_OBJECT_CONVERSION = YES_AGGRESSIVE;
				CLANG_CXX_LANGUAGE_STANDARD = "gnu++20";
				CLANG_ENABLE_MODULES = YES;
				CLANG_ENABLE_OBJC_ARC = YES;
				CLANG_ENABLE_OBJC_WEAK = YES;
				CLANG_WARN_BLOCK_CAPTURE_AUTORELEASING = YES;
				CLANG_WARN_BOOL_CONVERSION = YES;
				CLANG_WARN_COMMA = YES;
				CLANG_WARN_CONSTANT_CONVERSION = YES;
				CLANG_WARN_DEPRECATED_OBJC_IMPLEMENTATIONS = YES;
				CLANG_WARN_DIRECT_OBJC_ISA_USAGE = YES_ERROR;
				CLANG_WARN_DOCUMENTATION_COMMENTS = YES;
				CLANG_WARN_EMPTY_BODY = YES;
				CLANG_WARN_ENUM_CONVERSION = YES;
				CLANG_WARN_INFINITE_RECURSION = YES;
				CLANG_WARN_INT_CONVERSION = YES;
				CLANG_WARN_NON_LITERAL_NULL_CONVERSION = YES;
				CLANG_WARN_OBJC_IMPLICIT_RETAIN_SELF = YES;
				CLANG_WARN_OBJC_LITERAL_CONVERSION = YES;
				CLANG_WARN_OBJC_ROOT_CLASS = YES_ERROR;
				CLANG_WARN_QUOTED_INCLUDE_IN_FRAMEWORK_HEADER = YES;
				CLANG_WARN_RANGE_LOOP_ANALYSIS = YES;
				CLANG_WARN_STRICT_PROTOTYPES = YES;
				CLANG_WARN_SUSPICIOUS_MOVE = YES;
				CLANG_WARN_UNGUARDED_AVAILABILITY = YES_AGGRESSIVE;
				CLANG_WARN_UNREACHABLE_CODE = YES;
				CLANG_WARN__DUPLICATE_METHOD_MATCH = YES;
				COPY_PHASE_STRIP = NO;
				DEBUG_INFORMATION_FORMAT = dwarf;
				ENABLE_STRICT_OBJC_MSGSEND = YES;
				ENABLE_TESTABILITY = YES;
				ENABLE_USER_SCRIPT_SANDBOXING = YES;
				GCC_C_LANGUAGE_STANDARD = gnu17;
				GCC_DYNAMIC_NO_PIC = NO;
				GCC_NO_COMMON_BLOCKS = YES;
				GCC_OPTIMIZATION_LEVEL = 0;
				GCC_PREPROCESSOR_DEFINITIONS = (
					"DEBUG=1",
					"$(inherited)",
				);
				GCC_WARN_64_TO_32_BIT_CONVERSION = YES;
				GCC_WARN_ABOUT_RETURN_TYPE = YES_ERROR;
				GCC_WARN_UNDECLARED_SELECTOR = YES;
				GCC_WARN_UNINITIALIZED_AUTOS = YES_AGGRESSIVE;
				GCC_WARN_UNUSED_FUNCTION = YES;
				GCC_WARN_UNUSED_VARIABLE = YES;
				LOCALIZATION_PREFERS_STRING_CATALOGS = YES;
				MTL_ENABLE_DEBUG_INFO = INCLUDE_SOURCE;
				MTL_FAST_MATH = YES;
				ONLY_ACTIVE_ARCH = YES;
				SWIFT_ACTIVE_COMPILATION_CONDITIONS = "DEBUG $(inherited)";
				SWIFT_OPTIMIZATION_LEVEL = "-Onone";
			};
			name = Debug;
		};
		4471BCD62B81F08900218534 /* Release */ = {
			isa = XCBuildConfiguration;
			baseConfigurationReference = 4457B8192BBBEC1D009174F5 /* AppVersion.xcconfig */;
			buildSettings = {
				ALWAYS_SEARCH_USER_PATHS = NO;
				ASSETCATALOG_COMPILER_GENERATE_SWIFT_ASSET_SYMBOL_EXTENSIONS = YES;
				CLANG_ANALYZER_NONNULL = YES;
				CLANG_ANALYZER_NUMBER_OBJECT_CONVERSION = YES_AGGRESSIVE;
				CLANG_CXX_LANGUAGE_STANDARD = "gnu++20";
				CLANG_ENABLE_MODULES = YES;
				CLANG_ENABLE_OBJC_ARC = YES;
				CLANG_ENABLE_OBJC_WEAK = YES;
				CLANG_WARN_BLOCK_CAPTURE_AUTORELEASING = YES;
				CLANG_WARN_BOOL_CONVERSION = YES;
				CLANG_WARN_COMMA = YES;
				CLANG_WARN_CONSTANT_CONVERSION = YES;
				CLANG_WARN_DEPRECATED_OBJC_IMPLEMENTATIONS = YES;
				CLANG_WARN_DIRECT_OBJC_ISA_USAGE = YES_ERROR;
				CLANG_WARN_DOCUMENTATION_COMMENTS = YES;
				CLANG_WARN_EMPTY_BODY = YES;
				CLANG_WARN_ENUM_CONVERSION = YES;
				CLANG_WARN_INFINITE_RECURSION = YES;
				CLANG_WARN_INT_CONVERSION = YES;
				CLANG_WARN_NON_LITERAL_NULL_CONVERSION = YES;
				CLANG_WARN_OBJC_IMPLICIT_RETAIN_SELF = YES;
				CLANG_WARN_OBJC_LITERAL_CONVERSION = YES;
				CLANG_WARN_OBJC_ROOT_CLASS = YES_ERROR;
				CLANG_WARN_QUOTED_INCLUDE_IN_FRAMEWORK_HEADER = YES;
				CLANG_WARN_RANGE_LOOP_ANALYSIS = YES;
				CLANG_WARN_STRICT_PROTOTYPES = YES;
				CLANG_WARN_SUSPICIOUS_MOVE = YES;
				CLANG_WARN_UNGUARDED_AVAILABILITY = YES_AGGRESSIVE;
				CLANG_WARN_UNREACHABLE_CODE = YES;
				CLANG_WARN__DUPLICATE_METHOD_MATCH = YES;
				COPY_PHASE_STRIP = NO;
				DEBUG_INFORMATION_FORMAT = "dwarf-with-dsym";
				ENABLE_NS_ASSERTIONS = NO;
				ENABLE_STRICT_OBJC_MSGSEND = YES;
				ENABLE_USER_SCRIPT_SANDBOXING = YES;
				GCC_C_LANGUAGE_STANDARD = gnu17;
				GCC_NO_COMMON_BLOCKS = YES;
				GCC_WARN_64_TO_32_BIT_CONVERSION = YES;
				GCC_WARN_ABOUT_RETURN_TYPE = YES_ERROR;
				GCC_WARN_UNDECLARED_SELECTOR = YES;
				GCC_WARN_UNINITIALIZED_AUTOS = YES_AGGRESSIVE;
				GCC_WARN_UNUSED_FUNCTION = YES;
				GCC_WARN_UNUSED_VARIABLE = YES;
				LOCALIZATION_PREFERS_STRING_CATALOGS = YES;
				MTL_ENABLE_DEBUG_INFO = NO;
				MTL_FAST_MATH = YES;
				SWIFT_COMPILATION_MODE = wholemodule;
			};
			name = Release;
		};
		4471BCD82B81F08900218534 /* Debug */ = {
			isa = XCBuildConfiguration;
			buildSettings = {
				ASSETCATALOG_COMPILER_APPICON_NAME = AppIcon;
				ASSETCATALOG_COMPILER_GLOBAL_ACCENT_COLOR_NAME = AccentColor;
				CODE_SIGN_ENTITLEMENTS = Staging/Staging.entitlements;
				CODE_SIGN_STYLE = Automatic;
				CURRENT_PROJECT_VERSION = 1;
				DEBUG_INFORMATION_FORMAT = "dwarf-with-dsym";
				DEVELOPMENT_ASSET_PATHS = "\"Staging/Preview Content\"";
				DEVELOPMENT_TEAM = Z374HA4GH7;
				ENABLE_HARDENED_RUNTIME = YES;
				ENABLE_PREVIEWS = YES;
				GENERATE_INFOPLIST_FILE = YES;
				INFOPLIST_FILE = Staging/Info.plist;
				INFOPLIST_KEY_CFBundleDisplayName = "DIサンプル-S";
				"INFOPLIST_KEY_UIApplicationSceneManifest_Generation[sdk=iphoneos*]" = YES;
				"INFOPLIST_KEY_UIApplicationSceneManifest_Generation[sdk=iphonesimulator*]" = YES;
				"INFOPLIST_KEY_UIApplicationSupportsIndirectInputEvents[sdk=iphoneos*]" = YES;
				"INFOPLIST_KEY_UIApplicationSupportsIndirectInputEvents[sdk=iphonesimulator*]" = YES;
				"INFOPLIST_KEY_UILaunchScreen_Generation[sdk=iphoneos*]" = YES;
				"INFOPLIST_KEY_UILaunchScreen_Generation[sdk=iphonesimulator*]" = YES;
				"INFOPLIST_KEY_UIStatusBarStyle[sdk=iphoneos*]" = UIStatusBarStyleDefault;
				"INFOPLIST_KEY_UIStatusBarStyle[sdk=iphonesimulator*]" = UIStatusBarStyleDefault;
				INFOPLIST_KEY_UISupportedInterfaceOrientations_iPad = "UIInterfaceOrientationPortrait UIInterfaceOrientationPortraitUpsideDown UIInterfaceOrientationLandscapeLeft UIInterfaceOrientationLandscapeRight";
				INFOPLIST_KEY_UISupportedInterfaceOrientations_iPhone = "UIInterfaceOrientationPortrait UIInterfaceOrientationLandscapeLeft UIInterfaceOrientationLandscapeRight";
				IPHONEOS_DEPLOYMENT_TARGET = 17.4;
				LD_RUNPATH_SEARCH_PATHS = "@executable_path/Frameworks";
				"LD_RUNPATH_SEARCH_PATHS[sdk=macosx*]" = "@executable_path/../Frameworks";
				MACOSX_DEPLOYMENT_TARGET = 14.3;
				MARKETING_VERSION = "$(APP_VERSION)";
				PRODUCT_BUNDLE_IDENTIFIER = "com.suguru-takahashi.DISample.Staging";
				PRODUCT_NAME = "$(TARGET_NAME)";
				SDKROOT = auto;
				SUPPORTED_PLATFORMS = "iphoneos iphonesimulator";
				SUPPORTS_MACCATALYST = NO;
				SWIFT_EMIT_LOC_STRINGS = YES;
				SWIFT_VERSION = 5.0;
				TARGETED_DEVICE_FAMILY = "1,2";
			};
			name = Debug;
		};
		4471BCD92B81F08900218534 /* Release */ = {
			isa = XCBuildConfiguration;
			buildSettings = {
				ASSETCATALOG_COMPILER_APPICON_NAME = AppIcon;
				ASSETCATALOG_COMPILER_GLOBAL_ACCENT_COLOR_NAME = AccentColor;
				CODE_SIGN_ENTITLEMENTS = Staging/Staging.entitlements;
				CODE_SIGN_STYLE = Automatic;
				CURRENT_PROJECT_VERSION = 1;
				DEBUG_INFORMATION_FORMAT = "dwarf-with-dsym";
				DEVELOPMENT_ASSET_PATHS = "\"Staging/Preview Content\"";
				DEVELOPMENT_TEAM = Z374HA4GH7;
				ENABLE_HARDENED_RUNTIME = YES;
				ENABLE_PREVIEWS = YES;
				GENERATE_INFOPLIST_FILE = YES;
				INFOPLIST_FILE = Staging/Info.plist;
				INFOPLIST_KEY_CFBundleDisplayName = "DIサンプル-S";
				"INFOPLIST_KEY_UIApplicationSceneManifest_Generation[sdk=iphoneos*]" = YES;
				"INFOPLIST_KEY_UIApplicationSceneManifest_Generation[sdk=iphonesimulator*]" = YES;
				"INFOPLIST_KEY_UIApplicationSupportsIndirectInputEvents[sdk=iphoneos*]" = YES;
				"INFOPLIST_KEY_UIApplicationSupportsIndirectInputEvents[sdk=iphonesimulator*]" = YES;
				"INFOPLIST_KEY_UILaunchScreen_Generation[sdk=iphoneos*]" = YES;
				"INFOPLIST_KEY_UILaunchScreen_Generation[sdk=iphonesimulator*]" = YES;
				"INFOPLIST_KEY_UIStatusBarStyle[sdk=iphoneos*]" = UIStatusBarStyleDefault;
				"INFOPLIST_KEY_UIStatusBarStyle[sdk=iphonesimulator*]" = UIStatusBarStyleDefault;
				INFOPLIST_KEY_UISupportedInterfaceOrientations_iPad = "UIInterfaceOrientationPortrait UIInterfaceOrientationPortraitUpsideDown UIInterfaceOrientationLandscapeLeft UIInterfaceOrientationLandscapeRight";
				INFOPLIST_KEY_UISupportedInterfaceOrientations_iPhone = "UIInterfaceOrientationPortrait UIInterfaceOrientationLandscapeLeft UIInterfaceOrientationLandscapeRight";
				IPHONEOS_DEPLOYMENT_TARGET = 17.4;
				LD_RUNPATH_SEARCH_PATHS = "@executable_path/Frameworks";
				"LD_RUNPATH_SEARCH_PATHS[sdk=macosx*]" = "@executable_path/../Frameworks";
				MACOSX_DEPLOYMENT_TARGET = 14.3;
				MARKETING_VERSION = "$(APP_VERSION)";
				PRODUCT_BUNDLE_IDENTIFIER = "com.suguru-takahashi.DISample.Staging";
				PRODUCT_NAME = "$(TARGET_NAME)";
				SDKROOT = auto;
				SUPPORTED_PLATFORMS = "iphoneos iphonesimulator";
				SUPPORTS_MACCATALYST = NO;
				SWIFT_EMIT_LOC_STRINGS = YES;
				SWIFT_VERSION = 5.0;
				TARGETED_DEVICE_FAMILY = "1,2";
			};
			name = Release;
		};
		44ABAB382B9B61240039ECF7 /* Debug */ = {
			isa = XCBuildConfiguration;
			buildSettings = {
				CODE_SIGN_STYLE = Automatic;
				CURRENT_PROJECT_VERSION = 1;
				DEVELOPMENT_TEAM = Z374HA4GH7;
				GENERATE_INFOPLIST_FILE = YES;
				IPHONEOS_DEPLOYMENT_TARGET = 17.4;
				MARKETING_VERSION = 1.0;
				PRODUCT_BUNDLE_IDENTIFIER = "com.suguru-takahashi.DISample.StagingUITests";
				PRODUCT_NAME = "$(TARGET_NAME)";
				SDKROOT = iphoneos;
				SUPPORTED_PLATFORMS = "iphoneos iphonesimulator";
				SUPPORTS_MACCATALYST = NO;
				SUPPORTS_MAC_DESIGNED_FOR_IPHONE_IPAD = NO;
				SUPPORTS_XR_DESIGNED_FOR_IPHONE_IPAD = NO;
				SWIFT_EMIT_LOC_STRINGS = NO;
				SWIFT_VERSION = 5.0;
				TARGETED_DEVICE_FAMILY = "1,2";
				TEST_TARGET_NAME = Staging;
			};
			name = Debug;
		};
		44ABAB392B9B61240039ECF7 /* Release */ = {
			isa = XCBuildConfiguration;
			buildSettings = {
				CODE_SIGN_STYLE = Automatic;
				CURRENT_PROJECT_VERSION = 1;
				DEVELOPMENT_TEAM = Z374HA4GH7;
				GENERATE_INFOPLIST_FILE = YES;
				IPHONEOS_DEPLOYMENT_TARGET = 17.4;
				MARKETING_VERSION = 1.0;
				PRODUCT_BUNDLE_IDENTIFIER = "com.suguru-takahashi.DISample.StagingUITests";
				PRODUCT_NAME = "$(TARGET_NAME)";
				SDKROOT = iphoneos;
				SUPPORTED_PLATFORMS = "iphoneos iphonesimulator";
				SUPPORTS_MACCATALYST = NO;
				SUPPORTS_MAC_DESIGNED_FOR_IPHONE_IPAD = NO;
				SUPPORTS_XR_DESIGNED_FOR_IPHONE_IPAD = NO;
				SWIFT_EMIT_LOC_STRINGS = NO;
				SWIFT_VERSION = 5.0;
				TARGETED_DEVICE_FAMILY = "1,2";
				TEST_TARGET_NAME = Staging;
				VALIDATE_PRODUCT = YES;
			};
			name = Release;
		};
/* End XCBuildConfiguration section */

/* Begin XCConfigurationList section */
		446F59242BBE42EA0004F4E5 /* Build configuration list for PBXNativeTarget "StagingUnitTests" */ = {
			isa = XCConfigurationList;
			buildConfigurations = (
				446F59252BBE42EA0004F4E5 /* Debug */,
				446F59262BBE42EA0004F4E5 /* Release */,
			);
			defaultConfigurationIsVisible = 0;
			defaultConfigurationName = Release;
		};
		4471BCAD2B81F08800218534 /* Build configuration list for PBXProject "Staging" */ = {
			isa = XCConfigurationList;
			buildConfigurations = (
				4471BCD52B81F08900218534 /* Debug */,
				4471BCD62B81F08900218534 /* Release */,
			);
			defaultConfigurationIsVisible = 0;
			defaultConfigurationName = Release;
		};
		4471BCD72B81F08900218534 /* Build configuration list for PBXNativeTarget "Staging" */ = {
			isa = XCConfigurationList;
			buildConfigurations = (
				4471BCD82B81F08900218534 /* Debug */,
				4471BCD92B81F08900218534 /* Release */,
			);
			defaultConfigurationIsVisible = 0;
			defaultConfigurationName = Release;
		};
		44ABAB3A2B9B61240039ECF7 /* Build configuration list for PBXNativeTarget "StagingUITests" */ = {
			isa = XCConfigurationList;
			buildConfigurations = (
				44ABAB382B9B61240039ECF7 /* Debug */,
				44ABAB392B9B61240039ECF7 /* Release */,
			);
			defaultConfigurationIsVisible = 0;
			defaultConfigurationName = Release;
		};
/* End XCConfigurationList section */

/* Begin XCSwiftPackageProductDependency section */
		4475775F2B84D3EA00DC2FDB /* PresentationLayer */ = {
			isa = XCSwiftPackageProductDependency;
			productName = PresentationLayer;
		};
		44CBBA602BB480F500FE692F /* DependencyInjectionLayer */ = {
			isa = XCSwiftPackageProductDependency;
			productName = DependencyInjectionLayer;
		};
		44EC2DCE2BB52A8100D3648C /* DomainLayer */ = {
			isa = XCSwiftPackageProductDependency;
			productName = DomainLayer;
		};
/* End XCSwiftPackageProductDependency section */
	};
	rootObject = 4471BCAA2B81F08800218534 /* Project object */;
}
